
Microsoft Visual Studio Solution File, Format Version 12.00
# Visual Studio Version 16
VisualStudioVersion = 16.0.29806.167
MinimumVisualStudioVersion = 10.0.40219.1
Project("{9A19103F-16F7-4668-BE54-9A1E7A4F7556}") = "NEP5", "NEP5\NEP5.csproj", "{0CACF274-5E8F-4C38-8490-FE6623E04FE3}"
EndProject
Project("{9A19103F-16F7-4668-BE54-9A1E7A4F7556}") = "Tools", "Tools\Tools.csproj", "{75A9A085-E49A-4CD5-B5C0-9FE4F1D60CC3}"
EndProject
Project("{9A19103F-16F7-4668-BE54-9A1E7A4F7556}") = "Dynamic Call", "Dynamic Call\Dynamic Call.csproj", "{F88338D9-D95B-49EE-ACA3-7C694E186CAC}"
EndProject
Project("{9A19103F-16F7-4668-BE54-9A1E7A4F7556}") = "Serialization", "Serialization\Serialization.csproj", "{BE9A688C-0FAE-44BA-ACE6-5BF262585BAC}"
EndProject
Project("{9A19103F-16F7-4668-BE54-9A1E7A4F7556}") = "Native", "Native\Native.csproj", "{413E28AF-6888-4322-865C-7C6EB2B273AA}"
EndProject
Project("{9A19103F-16F7-4668-BE54-9A1E7A4F7556}") = "StorageExample", "StorageExample\StorageExample.csproj", "{223E9AFC-A26D-4772-A65F-3FD89B2DD174}"
EndProject
Project("{FAE04EC0-301F-11D3-BF4B-00C04F79EFBC}") = "Domain", "Domain\Domain.csproj", "{2667419A-DF37-4A85-A62C-68DC7928EC3C}"
EndProject
Global
	GlobalSection(SolutionConfigurationPlatforms) = preSolution
		Debug|Any CPU = Debug|Any CPU
		Release|Any CPU = Release|Any CPU
	EndGlobalSection
	GlobalSection(ProjectConfigurationPlatforms) = postSolution
		{0CACF274-5E8F-4C38-8490-FE6623E04FE3}.Debug|Any CPU.ActiveCfg = Debug|Any CPU
		{0CACF274-5E8F-4C38-8490-FE6623E04FE3}.Debug|Any CPU.Build.0 = Debug|Any CPU
		{0CACF274-5E8F-4C38-8490-FE6623E04FE3}.Release|Any CPU.ActiveCfg = Release|Any CPU
		{0CACF274-5E8F-4C38-8490-FE6623E04FE3}.Release|Any CPU.Build.0 = Release|Any CPU
		{75A9A085-E49A-4CD5-B5C0-9FE4F1D60CC3}.Debug|Any CPU.ActiveCfg = Debug|Any CPU
		{75A9A085-E49A-4CD5-B5C0-9FE4F1D60CC3}.Debug|Any CPU.Build.0 = Debug|Any CPU
		{75A9A085-E49A-4CD5-B5C0-9FE4F1D60CC3}.Release|Any CPU.ActiveCfg = Release|Any CPU
		{75A9A085-E49A-4CD5-B5C0-9FE4F1D60CC3}.Release|Any CPU.Build.0 = Release|Any CPU
		{F88338D9-D95B-49EE-ACA3-7C694E186CAC}.Debug|Any CPU.ActiveCfg = Debug|Any CPU
		{F88338D9-D95B-49EE-ACA3-7C694E186CAC}.Debug|Any CPU.Build.0 = Debug|Any CPU
		{F88338D9-D95B-49EE-ACA3-7C694E186CAC}.Release|Any CPU.ActiveCfg = Release|Any CPU
		{F88338D9-D95B-49EE-ACA3-7C694E186CAC}.Release|Any CPU.Build.0 = Release|Any CPU
		{BE9A688C-0FAE-44BA-ACE6-5BF262585BAC}.Debug|Any CPU.ActiveCfg = Debug|Any CPU
		{BE9A688C-0FAE-44BA-ACE6-5BF262585BAC}.Debug|Any CPU.Build.0 = Debug|Any CPU
		{BE9A688C-0FAE-44BA-ACE6-5BF262585BAC}.Release|Any CPU.ActiveCfg = Release|Any CPU
		{BE9A688C-0FAE-44BA-ACE6-5BF262585BAC}.Release|Any CPU.Build.0 = Release|Any CPU
		{413E28AF-6888-4322-865C-7C6EB2B273AA}.Debug|Any CPU.ActiveCfg = Debug|Any CPU
		{413E28AF-6888-4322-865C-7C6EB2B273AA}.Debug|Any CPU.Build.0 = Debug|Any CPU
		{413E28AF-6888-4322-865C-7C6EB2B273AA}.Release|Any CPU.ActiveCfg = Release|Any CPU
		{413E28AF-6888-4322-865C-7C6EB2B273AA}.Release|Any CPU.Build.0 = Release|Any CPU
		{223E9AFC-A26D-4772-A65F-3FD89B2DD174}.Debug|Any CPU.ActiveCfg = Debug|Any CPU
		{223E9AFC-A26D-4772-A65F-3FD89B2DD174}.Debug|Any CPU.Build.0 = Debug|Any CPU
		{223E9AFC-A26D-4772-A65F-3FD89B2DD174}.Release|Any CPU.ActiveCfg = Release|Any CPU
		{223E9AFC-A26D-4772-A65F-3FD89B2DD174}.Release|Any CPU.Build.0 = Release|Any CPU
		{2667419A-DF37-4A85-A62C-68DC7928EC3C}.Debug|Any CPU.ActiveCfg = Debug|Any CPU
		{2667419A-DF37-4A85-A62C-68DC7928EC3C}.Debug|Any CPU.Build.0 = Debug|Any CPU
		{2667419A-DF37-4A85-A62C-68DC7928EC3C}.Release|Any CPU.ActiveCfg = Release|Any CPU
		{2667419A-DF37-4A85-A62C-68DC7928EC3C}.Release|Any CPU.Build.0 = Release|Any CPU
	EndGlobalSection
	GlobalSection(SolutionProperties) = preSolution
		HideSolutionNode = FALSE
	EndGlobalSection
	GlobalSection(ExtensibilityGlobals) = postSolution
		SolutionGuid = {408D4C3C-7543-4B29-9444-3A3F6819BBF4}
	EndGlobalSection
EndGlobal
